
Microsoft Visual Studio Solution File, Format Version 12.00
# Visual Studio Version 17
VisualStudioVersion = 17.7.34031.279
MinimumVisualStudioVersion = 10.0.40219.1
Project("{FAE04EC0-301F-11D3-BF4B-00C04F79EFBC}") = "BlazorUI.Library", "BlazorUI.Library\BlazorUI.Library.csproj", "{6E202E10-7CAD-48AD-A0AD-0183DB6D3B8E}"
EndProject
Project("{FAE04EC0-301F-11D3-BF4B-00C04F79EFBC}") = "BlazorUI.Demo", "BlazorUI.Demo\BlazorUI.Demo.csproj", "{EDFEC54C-0F37-434D-AD5B-AB159AAA8EC0}"
EndProject
Global
	GlobalSection(SolutionConfigurationPlatforms) = preSolution
		Debug|Any CPU = Debug|Any CPU
		Release|Any CPU = Release|Any CPU
	EndGlobalSection
	GlobalSection(ProjectConfigurationPlatforms) = postSolution
		{6E202E10-7CAD-48AD-A0AD-0183DB6D3B8E}.Debug|Any CPU.ActiveCfg = Debug|Any CPU
		{6E202E10-7CAD-48AD-A0AD-0183DB6D3B8E}.Debug|Any CPU.Build.0 = Debug|Any CPU
		{6E202E10-7CAD-48AD-A0AD-0183DB6D3B8E}.Release|Any CPU.ActiveCfg = Release|Any CPU
		{6E202E10-7CAD-48AD-A0AD-0183DB6D3B8E}.Release|Any CPU.Build.0 = Release|Any CPU
		{EDFEC54C-0F37-434D-AD5B-AB159AAA8EC0}.Debug|Any CPU.ActiveCfg = Debug|Any CPU
		{EDFEC54C-0F37-434D-AD5B-AB159AAA8EC0}.Debug|Any CPU.Build.0 = Debug|Any CPU
		{EDFEC54C-0F37-434D-AD5B-AB159AAA8EC0}.Release|Any CPU.ActiveCfg = Release|Any CPU
		{EDFEC54C-0F37-434D-AD5B-AB159AAA8EC0}.Release|Any CPU.Build.0 = Release|Any CPU
	EndGlobalSection
	GlobalSection(SolutionProperties) = preSolution
		HideSolutionNode = FALSE
	EndGlobalSection
	GlobalSection(ExtensibilityGlobals) = postSolution
		SolutionGuid = {7B0D0BDE-B917-4B8B-A635-3176DF2909B6}
	EndGlobalSection
EndGlobal
